// !$*UTF8*$!
{
	archiveVersion = 1;
	classes = {
	};
	objectVersion = 56;
	objects = {

/* Begin PBXBuildFile section */
		AF53C6C32AD71B2C00FF575D /* Kisiler.swift in Sources */ = {isa = PBXBuildFile; fileRef = AF53C6C22AD71B2C00FF575D /* Kisiler.swift */; };
		AF87BD422AD6865800098850 /* KisiKayit.swift in Sources */ = {isa = PBXBuildFile; fileRef = AF87BD412AD6865800098850 /* KisiKayit.swift */; };
		AF87BD442AD6867400098850 /* KisiDetay.swift in Sources */ = {isa = PBXBuildFile; fileRef = AF87BD432AD6867400098850 /* KisiDetay.swift */; };
		AF882CB82AD5DB0000E3AAD4 /* AppDelegate.swift in Sources */ = {isa = PBXBuildFile; fileRef = AF882CB72AD5DB0000E3AAD4 /* AppDelegate.swift */; };
		AF882CBA2AD5DB0000E3AAD4 /* SceneDelegate.swift in Sources */ = {isa = PBXBuildFile; fileRef = AF882CB92AD5DB0000E3AAD4 /* SceneDelegate.swift */; };
		AF882CBC2AD5DB0000E3AAD4 /* Anasayfa.swift in Sources */ = {isa = PBXBuildFile; fileRef = AF882CBB2AD5DB0000E3AAD4 /* Anasayfa.swift */; };
		AF882CBF2AD5DB0000E3AAD4 /* Main.storyboard in Resources */ = {isa = PBXBuildFile; fileRef = AF882CBD2AD5DB0000E3AAD4 /* Main.storyboard */; };
		AF882CC12AD5DB0200E3AAD4 /* Assets.xcassets in Resources */ = {isa = PBXBuildFile; fileRef = AF882CC02AD5DB0200E3AAD4 /* Assets.xcassets */; };
		AF882CC42AD5DB0200E3AAD4 /* LaunchScreen.storyboard in Resources */ = {isa = PBXBuildFile; fileRef = AF882CC22AD5DB0200E3AAD4 /* LaunchScreen.storyboard */; };
		AFE315EA2AD81E790039716D /* KisilerHucre.swift in Sources */ = {isa = PBXBuildFile; fileRef = AFE315E92AD81E790039716D /* KisilerHucre.swift */; };
/* End PBXBuildFile section */

/* Begin PBXFileReference section */
		AF53C6C22AD71B2C00FF575D /* Kisiler.swift */ = {isa = PBXFileReference; lastKnownFileType = sourcecode.swift; path = Kisiler.swift; sourceTree = "<group>"; };
		AF87BD412AD6865800098850 /* KisiKayit.swift */ = {isa = PBXFileReference; lastKnownFileType = sourcecode.swift; path = KisiKayit.swift; sourceTree = "<group>"; };
		AF87BD432AD6867400098850 /* KisiDetay.swift */ = {isa = PBXFileReference; lastKnownFileType = sourcecode.swift; path = KisiDetay.swift; sourceTree = "<group>"; };
		AF882CB42AD5DB0000E3AAD4 /* KisilerUygulamasi.app */ = {isa = PBXFileReference; explicitFileType = wrapper.application; includeInIndex = 0; path = KisilerUygulamasi.app; sourceTree = BUILT_PRODUCTS_DIR; };
		AF882CB72AD5DB0000E3AAD4 /* AppDelegate.swift */ = {isa = PBXFileReference; lastKnownFileType = sourcecode.swift; path = AppDelegate.swift; sourceTree = "<group>"; };
		AF882CB92AD5DB0000E3AAD4 /* SceneDelegate.swift */ = {isa = PBXFileReference; lastKnownFileType = sourcecode.swift; path = SceneDelegate.swift; sourceTree = "<group>"; };
		AF882CBB2AD5DB0000E3AAD4 /* Anasayfa.swift */ = {isa = PBXFileReference; lastKnownFileType = sourcecode.swift; path = Anasayfa.swift; sourceTree = "<group>"; };
		AF882CBE2AD5DB0000E3AAD4 /* Base */ = {isa = PBXFileReference; lastKnownFileType = file.storyboard; name = Base; path = Base.lproj/Main.storyboard; sourceTree = "<group>"; };
		AF882CC02AD5DB0200E3AAD4 /* Assets.xcassets */ = {isa = PBXFileReference; lastKnownFileType = folder.assetcatalog; path = Assets.xcassets; sourceTree = "<group>"; };
		AF882CC32AD5DB0200E3AAD4 /* Base */ = {isa = PBXFileReference; lastKnownFileType = file.storyboard; name = Base; path = Base.lproj/LaunchScreen.storyboard; sourceTree = "<group>"; };
		AF882CC52AD5DB0200E3AAD4 /* Info.plist */ = {isa = PBXFileReference; lastKnownFileType = text.plist.xml; path = Info.plist; sourceTree = "<group>"; };
		AFE315E92AD81E790039716D /* KisilerHucre.swift */ = {isa = PBXFileReference; lastKnownFileType = sourcecode.swift; path = KisilerHucre.swift; sourceTree = "<group>"; };
/* End PBXFileReference section */

/* Begin PBXFrameworksBuildPhase section */
		AF882CB12AD5DB0000E3AAD4 /* Frameworks */ = {
			isa = PBXFrameworksBuildPhase;
			buildActionMask = 2147483647;
			files = (
			);
			runOnlyForDeploymentPostprocessing = 0;
		};
/* End PBXFrameworksBuildPhase section */

/* Begin PBXGroup section */
		AF53C6C12AD71B0B00FF575D /* entity */ = {
			isa = PBXGroup;
			children = (
				AF53C6C22AD71B2C00FF575D /* Kisiler.swift */,
			);
			path = entity;
			sourceTree = "<group>";
		};
		AF882CAB2AD5DB0000E3AAD4 = {
			isa = PBXGroup;
			children = (
				AF882CB62AD5DB0000E3AAD4 /* KisilerUygulamasi */,
				AF882CB52AD5DB0000E3AAD4 /* Products */,
			);
			sourceTree = "<group>";
		};
		AF882CB52AD5DB0000E3AAD4 /* Products */ = {
			isa = PBXGroup;
			children = (
				AF882CB42AD5DB0000E3AAD4 /* KisilerUygulamasi.app */,
			);
			name = Products;
			sourceTree = "<group>";
		};
		AF882CB62AD5DB0000E3AAD4 /* KisilerUygulamasi */ = {
			isa = PBXGroup;
			children = (
				AF882CB72AD5DB0000E3AAD4 /* AppDelegate.swift */,
				AF882CB92AD5DB0000E3AAD4 /* SceneDelegate.swift */,
				AF882CCC2AD5DB4D00E3AAD4 /* ui */,
				AF882CCB2AD5DB4300E3AAD4 /* data */,
				AF882CBD2AD5DB0000E3AAD4 /* Main.storyboard */,
				AF882CC02AD5DB0200E3AAD4 /* Assets.xcassets */,
				AF882CC22AD5DB0200E3AAD4 /* LaunchScreen.storyboard */,
				AF882CC52AD5DB0200E3AAD4 /* Info.plist */,
			);
			path = KisilerUygulamasi;
			sourceTree = "<group>";
		};
		AF882CCB2AD5DB4300E3AAD4 /* data */ = {
			isa = PBXGroup;
			children = (
				AF53C6C12AD71B0B00FF575D /* entity */,
			);
			path = data;
			sourceTree = "<group>";
		};
		AF882CCC2AD5DB4D00E3AAD4 /* ui */ = {
			isa = PBXGroup;
			children = (
				AFE315E82AD81DDF0039716D /* tableview */,
				AF882CCD2AD5DB5300E3AAD4 /* views */,
			);
			path = ui;
			sourceTree = "<group>";
		};
		AF882CCD2AD5DB5300E3AAD4 /* views */ = {
			isa = PBXGroup;
			children = (
				AF882CBB2AD5DB0000E3AAD4 /* Anasayfa.swift */,
				AF87BD412AD6865800098850 /* KisiKayit.swift */,
				AF87BD432AD6867400098850 /* KisiDetay.swift */,
			);
			path = views;
			sourceTree = "<group>";
		};
		AFE315E82AD81DDF0039716D /* tableview */ = {
			isa = PBXGroup;
			children = (
				AFE315E92AD81E790039716D /* KisilerHucre.swift */,
			);
			path = tableview;
			sourceTree = "<group>";
		};
/* End PBXGroup section */

/* Begin PBXNativeTarget section */
		AF882CB32AD5DB0000E3AAD4 /* KisilerUygulamasi */ = {
			isa = PBXNativeTarget;
			buildConfigurationList = AF882CC82AD5DB0200E3AAD4 /* Build configuration list for PBXNativeTarget "KisilerUygulamasi" */;
			buildPhases = (
				AF882CB02AD5DB0000E3AAD4 /* Sources */,
				AF882CB12AD5DB0000E3AAD4 /* Frameworks */,
				AF882CB22AD5DB0000E3AAD4 /* Resources */,
			);
			buildRules = (
			);
			dependencies = (
			);
			name = KisilerUygulamasi;
			productName = KisilerUygulamasi;
			productReference = AF882CB42AD5DB0000E3AAD4 /* KisilerUygulamasi.app */;
			productType = "com.apple.product-type.application";
		};
/* End PBXNativeTarget section */

/* Begin PBXProject section */
		AF882CAC2AD5DB0000E3AAD4 /* Project object */ = {
			isa = PBXProject;
			attributes = {
				BuildIndependentTargetsInParallel = 1;
				LastSwiftUpdateCheck = 1500;
				LastUpgradeCheck = 1500;
				TargetAttributes = {
					AF882CB32AD5DB0000E3AAD4 = {
						CreatedOnToolsVersion = 15.0;
					};
				};
			};
			buildConfigurationList = AF882CAF2AD5DB0000E3AAD4 /* Build configuration list for PBXProject "KisilerUygulamasi" */;
			compatibilityVersion = "Xcode 14.0";
			developmentRegion = en;
			hasScannedForEncodings = 0;
			knownRegions = (
				en,
				Base,
			);
			mainGroup = AF882CAB2AD5DB0000E3AAD4;
			productRefGroup = AF882CB52AD5DB0000E3AAD4 /* Products */;
			projectDirPath = "";
			projectRoot = "";
			targets = (
				AF882CB32AD5DB0000E3AAD4 /* KisilerUygulamasi */,
			);
		};
/* End PBXProject section */

/* Begin PBXResourcesBuildPhase section */
		AF882CB22AD5DB0000E3AAD4 /* Resources */ = {
			isa = PBXResourcesBuildPhase;
			buildActionMask = 2147483647;
			files = (
				AF882CC42AD5DB0200E3AAD4 /* LaunchScreen.storyboard in Resources */,
				AF882CC12AD5DB0200E3AAD4 /* Assets.xcassets in Resources */,
				AF882CBF2AD5DB0000E3AAD4 /* Main.storyboard in Resources */,
			);
			runOnlyForDeploymentPostprocessing = 0;
		};
/* End PBXResourcesBuildPhase section */

/* Begin PBXSourcesBuildPhase section */
		AF882CB02AD5DB0000E3AAD4 /* Sources */ = {
			isa = PBXSourcesBuildPhase;
			buildActionMask = 2147483647;
			files = (
				AF87BD422AD6865800098850 /* KisiKayit.swift in Sources */,
				AFE315EA2AD81E790039716D /* KisilerHucre.swift in Sources */,
				AF87BD442AD6867400098850 /* KisiDetay.swift in Sources */,
				AF882CBC2AD5DB0000E3AAD4 /* Anasayfa.swift in Sources */,
				AF882CB82AD5DB0000E3AAD4 /* AppDelegate.swift in Sources */,
				AF882CBA2AD5DB0000E3AAD4 /* SceneDelegate.swift in Sources */,
				AF53C6C32AD71B2C00FF575D /* Kisiler.swift in Sources */,
			);
			runOnlyForDeploymentPostprocessing = 0;
		};
/* End PBXSourcesBuildPhase section */

/* Begin PBXVariantGroup section */
		AF882CBD2AD5DB0000E3AAD4 /* Main.storyboard */ = {
			isa = PBXVariantGroup;
			children = (
				AF882CBE2AD5DB0000E3AAD4 /* Base */,
			);
			name = Main.storyboard;
			sourceTree = "<group>";
		};
		AF882CC22AD5DB0200E3AAD4 /* LaunchScreen.storyboard */ = {
			isa = PBXVariantGroup;
			children = (
				AF882CC32AD5DB0200E3AAD4 /* Base */,
			);
			name = LaunchScreen.storyboard;
			sourceTree = "<group>";
		};
/* End PBXVariantGroup section */

/* Begin XCBuildConfiguration section */
		AF882CC62AD5DB0200E3AAD4 /* Debug */ = {
			isa = XCBuildConfiguration;
			buildSettings = {
				ALWAYS_SEARCH_USER_PATHS = NO;
				ASSETCATALOG_COMPILER_GENERATE_SWIFT_ASSET_SYMBOL_EXTENSIONS = YES;
				CLANG_ANALYZER_NONNULL = YES;
				CLANG_ANALYZER_NUMBER_OBJECT_CONVERSION = YES_AGGRESSIVE;
				CLANG_CXX_LANGUAGE_STANDARD = "gnu++20";
				CLANG_ENABLE_MODULES = YES;
				CLANG_ENABLE_OBJC_ARC = YES;
				CLANG_ENABLE_OBJC_WEAK = YES;
				CLANG_WARN_BLOCK_CAPTURE_AUTORELEASING = YES;
				CLANG_WARN_BOOL_CONVERSION = YES;
				CLANG_WARN_COMMA = YES;
				CLANG_WARN_CONSTANT_CONVERSION = YES;
				CLANG_WARN_DEPRECATED_OBJC_IMPLEMENTATIONS = YES;
				CLANG_WARN_DIRECT_OBJC_ISA_USAGE = YES_ERROR;
				CLANG_WARN_DOCUMENTATION_COMMENTS = YES;
				CLANG_WARN_EMPTY_BODY = YES;
				CLANG_WARN_ENUM_CONVERSION = YES;
				CLANG_WARN_INFINITE_RECURSION = YES;
				CLANG_WARN_INT_CONVERSION = YES;
				CLANG_WARN_NON_LITERAL_NULL_CONVERSION = YES;
				CLANG_WARN_OBJC_IMPLICIT_RETAIN_SELF = YES;
				CLANG_WARN_OBJC_LITERAL_CONVERSION = YES;
				CLANG_WARN_OBJC_ROOT_CLASS = YES_ERROR;
				CLANG_WARN_QUOTED_INCLUDE_IN_FRAMEWORK_HEADER = YES;
				CLANG_WARN_RANGE_LOOP_ANALYSIS = YES;
				CLANG_WARN_STRICT_PROTOTYPES = YES;
				CLANG_WARN_SUSPICIOUS_MOVE = YES;
				CLANG_WARN_UNGUARDED_AVAILABILITY = YES_AGGRESSIVE;
				CLANG_WARN_UNREACHABLE_CODE = YES;
				CLANG_WARN__DUPLICATE_METHOD_MATCH = YES;
				COPY_PHASE_STRIP = NO;
				DEBUG_INFORMATION_FORMAT = dwarf;
				ENABLE_STRICT_OBJC_MSGSEND = YES;
				ENABLE_TESTABILITY = YES;
				ENABLE_USER_SCRIPT_SANDBOXING = YES;
				GCC_C_LANGUAGE_STANDARD = gnu17;
				GCC_DYNAMIC_NO_PIC = NO;
				GCC_NO_COMMON_BLOCKS = YES;
				GCC_OPTIMIZATION_LEVEL = 0;
				GCC_PREPROCESSOR_DEFINITIONS = (
					"DEBUG=1",
					"$(inherited)",
				);
				GCC_WARN_64_TO_32_BIT_CONVERSION = YES;
				GCC_WARN_ABOUT_RETURN_TYPE = YES_ERROR;
				GCC_WARN_UNDECLARED_SELECTOR = YES;
				GCC_WARN_UNINITIALIZED_AUTOS = YES_AGGRESSIVE;
				GCC_WARN_UNUSED_FUNCTION = YES;
				GCC_WARN_UNUSED_VARIABLE = YES;
				IPHONEOS_DEPLOYMENT_TARGET = 17.0;
				LOCALIZATION_PREFERS_STRING_CATALOGS = YES;
				MTL_ENABLE_DEBUG_INFO = INCLUDE_SOURCE;
				MTL_FAST_MATH = YES;
				ONLY_ACTIVE_ARCH = YES;
				SDKROOT = iphoneos;
				SWIFT_ACTIVE_COMPILATION_CONDITIONS = "DEBUG $(inherited)";
				SWIFT_OPTIMIZATION_LEVEL = "-Onone";
			};
			name = Debug;
		};
		AF882CC72AD5DB0200E3AAD4 /* Release */ = {
			isa = XCBuildConfiguration;
			buildSettings = {
				ALWAYS_SEARCH_USER_PATHS = NO;
				ASSETCATALOG_COMPILER_GENERATE_SWIFT_ASSET_SYMBOL_EXTENSIONS = YES;
				CLANG_ANALYZER_NONNULL = YES;
				CLANG_ANALYZER_NUMBER_OBJECT_CONVERSION = YES_AGGRESSIVE;
				CLANG_CXX_LANGUAGE_STANDARD = "gnu++20";
				CLANG_ENABLE_MODULES = YES;
				CLANG_ENABLE_OBJC_ARC = YES;
				CLANG_ENABLE_OBJC_WEAK = YES;
				CLANG_WARN_BLOCK_CAPTURE_AUTORELEASING = YES;
				CLANG_WARN_BOOL_CONVERSION = YES;
				CLANG_WARN_COMMA = YES;
				CLANG_WARN_CONSTANT_CONVERSION = YES;
				CLANG_WARN_DEPRECATED_OBJC_IMPLEMENTATIONS = YES;
				CLANG_WARN_DIRECT_OBJC_ISA_USAGE = YES_ERROR;
				CLANG_WARN_DOCUMENTATION_COMMENTS = YES;
				CLANG_WARN_EMPTY_BODY = YES;
				CLANG_WARN_ENUM_CONVERSION = YES;
				CLANG_WARN_INFINITE_RECURSION = YES;
				CLANG_WARN_INT_CONVERSION = YES;
				CLANG_WARN_NON_LITERAL_NULL_CONVERSION = YES;
				CLANG_WARN_OBJC_IMPLICIT_RETAIN_SELF = YES;
				CLANG_WARN_OBJC_LITERAL_CONVERSION = YES;
				CLANG_WARN_OBJC_ROOT_CLASS = YES_ERROR;
				CLANG_WARN_QUOTED_INCLUDE_IN_FRAMEWORK_HEADER = YES;
				CLANG_WARN_RANGE_LOOP_ANALYSIS = YES;
				CLANG_WARN_STRICT_PROTOTYPES = YES;
				CLANG_WARN_SUSPICIOUS_MOVE = YES;
				CLANG_WARN_UNGUARDED_AVAILABILITY = YES_AGGRESSIVE;
				CLANG_WARN_UNREACHABLE_CODE = YES;
				CLANG_WARN__DUPLICATE_METHOD_MATCH = YES;
				COPY_PHASE_STRIP = NO;
				DEBUG_INFORMATION_FORMAT = "dwarf-with-dsym";
				ENABLE_NS_ASSERTIONS = NO;
				ENABLE_STRICT_OBJC_MSGSEND = YES;
				ENABLE_USER_SCRIPT_SANDBOXING = YES;
				GCC_C_LANGUAGE_STANDARD = gnu17;
				GCC_NO_COMMON_BLOCKS = YES;
				GCC_WARN_64_TO_32_BIT_CONVERSION = YES;
				GCC_WARN_ABOUT_RETURN_TYPE = YES_ERROR;
				GCC_WARN_UNDECLARED_SELECTOR = YES;
				GCC_WARN_UNINITIALIZED_AUTOS = YES_AGGRESSIVE;
				GCC_WARN_UNUSED_FUNCTION = YES;
				GCC_WARN_UNUSED_VARIABLE = YES;
				IPHONEOS_DEPLOYMENT_TARGET = 17.0;
				LOCALIZATION_PREFERS_STRING_CATALOGS = YES;
				MTL_ENABLE_DEBUG_INFO = NO;
				MTL_FAST_MATH = YES;
				SDKROOT = iphoneos;
				SWIFT_COMPILATION_MODE = wholemodule;
				VALIDATE_PRODUCT = YES;
			};
			name = Release;
		};
		AF882CC92AD5DB0200E3AAD4 /* Debug */ = {
			isa = XCBuildConfiguration;
			buildSettings = {
				ASSETCATALOG_COMPILER_APPICON_NAME = AppIcon;
				ASSETCATALOG_COMPILER_GLOBAL_ACCENT_COLOR_NAME = AccentColor;
				CODE_SIGN_STYLE = Automatic;
				CURRENT_PROJECT_VERSION = 1;
				GENERATE_INFOPLIST_FILE = YES;
				INFOPLIST_FILE = KisilerUygulamasi/Info.plist;
				INFOPLIST_KEY_UIApplicationSupportsIndirectInputEvents = YES;
				INFOPLIST_KEY_UILaunchStoryboardName = LaunchScreen;
				INFOPLIST_KEY_UIMainStoryboardFile = Main;
				INFOPLIST_KEY_UISupportedInterfaceOrientations_iPad = "UIInterfaceOrientationPortrait UIInterfaceOrientationPortraitUpsideDown UIInterfaceOrientationLandscapeLeft UIInterfaceOrientationLandscapeRight";
				INFOPLIST_KEY_UISupportedInterfaceOrientations_iPhone = "UIInterfaceOrientationPortrait UIInterfaceOrientationLandscapeLeft UIInterfaceOrientationLandscapeRight";
				LD_RUNPATH_SEARCH_PATHS = (
					"$(inherited)",
					"@executable_path/Frameworks",
				);
				MARKETING_VERSION = 1.0;
				PRODUCT_BUNDLE_IDENTIFIER = "com.gu-ldogrul.KisilerUygulamasi";
				PRODUCT_NAME = "$(TARGET_NAME)";
				SWIFT_EMIT_LOC_STRINGS = YES;
				SWIFT_VERSION = 5.0;
				TARGETED_DEVICE_FAMILY = "1,2";
			};
			name = Debug;
		};
		AF882CCA2AD5DB0200E3AAD4 /* Release */ = {
			isa = XCBuildConfiguration;
			buildSettings = {
				ASSETCATALOG_COMPILER_APPICON_NAME = AppIcon;
				ASSETCATALOG_COMPILER_GLOBAL_ACCENT_COLOR_NAME = AccentColor;
				CODE_SIGN_STYLE = Automatic;
				CURRENT_PROJECT_VERSION = 1;
				GENERATE_INFOPLIST_FILE = YES;
				INFOPLIST_FILE = KisilerUygulamasi/Info.plist;
				INFOPLIST_KEY_UIApplicationSupportsIndirectInputEvents = YES;
				INFOPLIST_KEY_UILaunchStoryboardName = LaunchScreen;
				INFOPLIST_KEY_UIMainStoryboardFile = Main;
				INFOPLIST_KEY_UISupportedInterfaceOrientations_iPad = "UIInterfaceOrientationPortrait UIInterfaceOrientationPortraitUpsideDown UIInterfaceOrientationLandscapeLeft UIInterfaceOrientationLandscapeRight";
				INFOPLIST_KEY_UISupportedInterfaceOrientations_iPhone = "UIInterfaceOrientationPortrait UIInterfaceOrientationLandscapeLeft UIInterfaceOrientationLandscapeRight";
				LD_RUNPATH_SEARCH_PATHS = (
					"$(inherited)",
					"@executable_path/Frameworks",
				);
				MARKETING_VERSION = 1.0;
				PRODUCT_BUNDLE_IDENTIFIER = "com.gu-ldogrul.KisilerUygulamasi";
				PRODUCT_NAME = "$(TARGET_NAME)";
				SWIFT_EMIT_LOC_STRINGS = YES;
				SWIFT_VERSION = 5.0;
				TARGETED_DEVICE_FAMILY = "1,2";
			};
			name = Release;
		};
/* End XCBuildConfiguration section */

/* Begin XCConfigurationList section */
		AF882CAF2AD5DB0000E3AAD4 /* Build configuration list for PBXProject "KisilerUygulamasi" */ = {
			isa = XCConfigurationList;
			buildConfigurations = (
				AF882CC62AD5DB0200E3AAD4 /* Debug */,
				AF882CC72AD5DB0200E3AAD4 /* Release */,
			);
			defaultConfigurationIsVisible = 0;
			defaultConfigurationName = Release;
		};
		AF882CC82AD5DB0200E3AAD4 /* Build configuration list for PBXNativeTarget "KisilerUygulamasi" */ = {
			isa = XCConfigurationList;
			buildConfigurations = (
				AF882CC92AD5DB0200E3AAD4 /* Debug */,
				AF882CCA2AD5DB0200E3AAD4 /* Release */,
			);
			defaultConfigurationIsVisible = 0;
			defaultConfigurationName = Release;
		};
/* End XCConfigurationList section */
	};
	rootObject = AF882CAC2AD5DB0000E3AAD4 /* Project object */;
}
